
Microsoft Visual Studio Solution File, Format Version 12.00
# Visual Studio Version 17
VisualStudioVersion = 17.7.34024.191
MinimumVisualStudioVersion = 10.0.40219.1
Project("{9A19103F-16F7-4668-BE54-9A1E7A4F7556}") = "Api1", "src\ApiOne\Api1\Api1.csproj", "{A9413BF1-BC99-4D3B-B83A-5371DC055786}"
EndProject
Project("{9A19103F-16F7-4668-BE54-9A1E7A4F7556}") = "Api2", "src\ApiTwo\Api2\Api2.csproj", "{2278E6E4-CA10-4D96-BB67-B895450AA568}"
EndProject
Project("{9A19103F-16F7-4668-BE54-9A1E7A4F7556}") = "SharedUtils", "src\Libs\SharedUtils\SharedUtils.csproj", "{56CE01BF-FAD8-4720-BE56-21DE6E756414}"
EndProject

Project("{FAE04EC0-301F-11D3-BF4B-00C04F79EFBC}") = "Api1.UnitTests", "src\ApiOne\Api1.UnitTests\Api1.UnitTests.csproj", "{DDBE4FC0-8919-4E69-B873-B2350E66DB8A}"
EndProject
Project("{FAE04EC0-301F-11D3-BF4B-00C04F79EFBC}") = "Api1.ContractTests", "src\ApiOne\Api1.ContractTests\Api1.ContractTests.csproj", "{C8CFB2B8-10A0-4E61-B0A7-9016EFF3B244}"
EndProject
Project("{FAE04EC0-301F-11D3-BF4B-00C04F79EFBC}") = "Api2.UnitTests", "src\ApiTwo\Api2.UnitTests\Api2.UnitTests.csproj", "{8CC81532-C097-43F6-936A-6A619860764F}"
EndProject
Project("{FAE04EC0-301F-11D3-BF4B-00C04F79EFBC}") = "Api2.ContractTests", "src\ApiTwo\Api2.ContractTests\Api2.ContractTests.csproj", "{A830B27B-8D9F-40A5-8917-4204D6CDCA49}"
EndProject
Project("{FAE04EC0-301F-11D3-BF4B-00C04F79EFBC}") = "SharedUtils.UnitTests", "src\Libs\SharedUtils.UnitTests\SharedUtils.UnitTests.csproj", "{648AA92D-61F5-4D4D-B31C-65558E70914B}"
EndProject
Global
	GlobalSection(SolutionConfigurationPlatforms) = preSolution
		Debug|Any CPU = Debug|Any CPU
		Release|Any CPU = Release|Any CPU
	EndGlobalSection
	GlobalSection(ProjectConfigurationPlatforms) = postSolution
		{A9413BF1-BC99-4D3B-B83A-5371DC055786}.Debug|Any CPU.ActiveCfg = Debug|Any CPU
		{A9413BF1-BC99-4D3B-B83A-5371DC055786}.Debug|Any CPU.Build.0 = Debug|Any CPU
		{A9413BF1-BC99-4D3B-B83A-5371DC055786}.Release|Any CPU.ActiveCfg = Release|Any CPU
		{A9413BF1-BC99-4D3B-B83A-5371DC055786}.Release|Any CPU.Build.0 = Release|Any CPU
		{2278E6E4-CA10-4D96-BB67-B895450AA568}.Debug|Any CPU.ActiveCfg = Debug|Any CPU
		{2278E6E4-CA10-4D96-BB67-B895450AA568}.Debug|Any CPU.Build.0 = Debug|Any CPU
		{2278E6E4-CA10-4D96-BB67-B895450AA568}.Release|Any CPU.ActiveCfg = Release|Any CPU
		{2278E6E4-CA10-4D96-BB67-B895450AA568}.Release|Any CPU.Build.0 = Release|Any CPU
		{56CE01BF-FAD8-4720-BE56-21DE6E756414}.Debug|Any CPU.ActiveCfg = Debug|Any CPU
		{56CE01BF-FAD8-4720-BE56-21DE6E756414}.Debug|Any CPU.Build.0 = Debug|Any CPU
		{56CE01BF-FAD8-4720-BE56-21DE6E756414}.Release|Any CPU.ActiveCfg = Release|Any CPU
		{56CE01BF-FAD8-4720-BE56-21DE6E756414}.Release|Any CPU.Build.0 = Release|Any CPU
		{DDBE4FC0-8919-4E69-B873-B2350E66DB8A}.Debug|Any CPU.ActiveCfg = Debug|Any CPU
		{DDBE4FC0-8919-4E69-B873-B2350E66DB8A}.Debug|Any CPU.Build.0 = Debug|Any CPU
		{DDBE4FC0-8919-4E69-B873-B2350E66DB8A}.Release|Any CPU.ActiveCfg = Release|Any CPU
		{DDBE4FC0-8919-4E69-B873-B2350E66DB8A}.Release|Any CPU.Build.0 = Release|Any CPU
		{C8CFB2B8-10A0-4E61-B0A7-9016EFF3B244}.Debug|Any CPU.ActiveCfg = Debug|Any CPU
		{C8CFB2B8-10A0-4E61-B0A7-9016EFF3B244}.Debug|Any CPU.Build.0 = Debug|Any CPU
		{C8CFB2B8-10A0-4E61-B0A7-9016EFF3B244}.Release|Any CPU.ActiveCfg = Release|Any CPU
		{C8CFB2B8-10A0-4E61-B0A7-9016EFF3B244}.Release|Any CPU.Build.0 = Release|Any CPU
		{8CC81532-C097-43F6-936A-6A619860764F}.Debug|Any CPU.ActiveCfg = Debug|Any CPU
		{8CC81532-C097-43F6-936A-6A619860764F}.Debug|Any CPU.Build.0 = Debug|Any CPU
		{8CC81532-C097-43F6-936A-6A619860764F}.Release|Any CPU.ActiveCfg = Release|Any CPU
		{8CC81532-C097-43F6-936A-6A619860764F}.Release|Any CPU.Build.0 = Release|Any CPU
		{A830B27B-8D9F-40A5-8917-4204D6CDCA49}.Debug|Any CPU.ActiveCfg = Debug|Any CPU
		{A830B27B-8D9F-40A5-8917-4204D6CDCA49}.Debug|Any CPU.Build.0 = Debug|Any CPU
		{A830B27B-8D9F-40A5-8917-4204D6CDCA49}.Release|Any CPU.ActiveCfg = Release|Any CPU
		{A830B27B-8D9F-40A5-8917-4204D6CDCA49}.Release|Any CPU.Build.0 = Release|Any CPU
		{648AA92D-61F5-4D4D-B31C-65558E70914B}.Debug|Any CPU.ActiveCfg = Debug|Any CPU
		{648AA92D-61F5-4D4D-B31C-65558E70914B}.Debug|Any CPU.Build.0 = Debug|Any CPU
		{648AA92D-61F5-4D4D-B31C-65558E70914B}.Release|Any CPU.ActiveCfg = Release|Any CPU
		{648AA92D-61F5-4D4D-B31C-65558E70914B}.Release|Any CPU.Build.0 = Release|Any CPU
	EndGlobalSection
	GlobalSection(SolutionProperties) = preSolution
		HideSolutionNode = FALSE
	EndGlobalSection
	GlobalSection(NestedProjects) = preSolution
		{A9413BF1-BC99-4D3B-B83A-5371DC055786} = {7CEF11C8-D367-4276-9A48-6F3FC8616596}
		{2278E6E4-CA10-4D96-BB67-B895450AA568} = {641C2147-97DA-4824-A862-20BB62A3A6FE}
		{56CE01BF-FAD8-4720-BE56-21DE6E756414} = {6E65E5A2-933F-4376-AA30-F60FAF4842B6}
		{DDBE4FC0-8919-4E69-B873-B2350E66DB8A} = {7CEF11C8-D367-4276-9A48-6F3FC8616596}
		{C8CFB2B8-10A0-4E61-B0A7-9016EFF3B244} = {7CEF11C8-D367-4276-9A48-6F3FC8616596}
		{8CC81532-C097-43F6-936A-6A619860764F} = {641C2147-97DA-4824-A862-20BB62A3A6FE}
		{A830B27B-8D9F-40A5-8917-4204D6CDCA49} = {641C2147-97DA-4824-A862-20BB62A3A6FE}
		{648AA92D-61F5-4D4D-B31C-65558E70914B} = {6E65E5A2-933F-4376-AA30-F60FAF4842B6}
	EndGlobalSection
	GlobalSection(ExtensibilityGlobals) = postSolution
		SolutionGuid = {E4190EA9-CB2E-4155-B467-68153FE1DFA8}
	EndGlobalSection
EndGlobal
